
Microsoft Visual Studio Solution File, Format Version 12.00
# Visual Studio Version 17
VisualStudioVersion = 17.8.34316.72
MinimumVisualStudioVersion = 10.0.40219.1
Project("{2150E333-8FDC-42A3-9474-1A3956D46DE8}") = "src", "src", "{8E09B4AC-BE64-4C49-AA08-0D00EE431C86}"
EndProject
Project("{9A19103F-16F7-4668-BE54-9A1E7A4F7556}") = "Todo.API", "src\Todo.API\Todo.API.csproj", "{37297DAC-7037-40C6-B067-E1071C199426}"
EndProject
Project("{9A19103F-16F7-4668-BE54-9A1E7A4F7556}") = "Todo.UI", "src\Todo.UI\Todo.UI.csproj", "{15D8970B-DA29-4EB7-93C3-CE773EC2B3FD}"
EndProject
Project("{9A19103F-16F7-4668-BE54-9A1E7A4F7556}") = "Todo.Domain", "src\Todo.Domain\Todo.Domain.csproj", "{F5FA21AC-26BB-496C-B728-CBC9B878F00B}"
EndProject
Project("{9A19103F-16F7-4668-BE54-9A1E7A4F7556}") = "Todo.Application", "src\Todo.Application\Todo.Application.csproj", "{CBB46244-243B-4030-8897-003DB8731E1A}"
EndProject
Project("{9A19103F-16F7-4668-BE54-9A1E7A4F7556}") = "Todo.Infrastructure", "src\Todo.Infrastructure\Todo.Infrastructure.csproj", "{25BF6C5C-571E-4C4F-8DB1-3B0409BC44CB}"
EndProject
Project("{E53339B2-1760-4266-BCC7-CA923CBCF16C}") = "docker-compose", "docker-compose.dcproj", "{C432703D-3777-45AE-AA14-1B6AA00B72FB}"
EndProject
Global
	GlobalSection(SolutionConfigurationPlatforms) = preSolution
		Debug|Any CPU = Debug|Any CPU
		Release|Any CPU = Release|Any CPU
	EndGlobalSection
	GlobalSection(ProjectConfigurationPlatforms) = postSolution
		{37297DAC-7037-40C6-B067-E1071C199426}.Debug|Any CPU.ActiveCfg = Debug|Any CPU
		{37297DAC-7037-40C6-B067-E1071C199426}.Debug|Any CPU.Build.0 = Debug|Any CPU
		{37297DAC-7037-40C6-B067-E1071C199426}.Release|Any CPU.ActiveCfg = Release|Any CPU
		{37297DAC-7037-40C6-B067-E1071C199426}.Release|Any CPU.Build.0 = Release|Any CPU
		{15D8970B-DA29-4EB7-93C3-CE773EC2B3FD}.Debug|Any CPU.ActiveCfg = Debug|Any CPU
		{15D8970B-DA29-4EB7-93C3-CE773EC2B3FD}.Debug|Any CPU.Build.0 = Debug|Any CPU
		{15D8970B-DA29-4EB7-93C3-CE773EC2B3FD}.Release|Any CPU.ActiveCfg = Release|Any CPU
		{15D8970B-DA29-4EB7-93C3-CE773EC2B3FD}.Release|Any CPU.Build.0 = Release|Any CPU
		{F5FA21AC-26BB-496C-B728-CBC9B878F00B}.Debug|Any CPU.ActiveCfg = Debug|Any CPU
		{F5FA21AC-26BB-496C-B728-CBC9B878F00B}.Debug|Any CPU.Build.0 = Debug|Any CPU
		{F5FA21AC-26BB-496C-B728-CBC9B878F00B}.Release|Any CPU.ActiveCfg = Release|Any CPU
		{F5FA21AC-26BB-496C-B728-CBC9B878F00B}.Release|Any CPU.Build.0 = Release|Any CPU
		{CBB46244-243B-4030-8897-003DB8731E1A}.Debug|Any CPU.ActiveCfg = Debug|Any CPU
		{CBB46244-243B-4030-8897-003DB8731E1A}.Debug|Any CPU.Build.0 = Debug|Any CPU
		{CBB46244-243B-4030-8897-003DB8731E1A}.Release|Any CPU.ActiveCfg = Release|Any CPU
		{CBB46244-243B-4030-8897-003DB8731E1A}.Release|Any CPU.Build.0 = Release|Any CPU
		{25BF6C5C-571E-4C4F-8DB1-3B0409BC44CB}.Debug|Any CPU.ActiveCfg = Debug|Any CPU
		{25BF6C5C-571E-4C4F-8DB1-3B0409BC44CB}.Debug|Any CPU.Build.0 = Debug|Any CPU
		{25BF6C5C-571E-4C4F-8DB1-3B0409BC44CB}.Release|Any CPU.ActiveCfg = Release|Any CPU
		{25BF6C5C-571E-4C4F-8DB1-3B0409BC44CB}.Release|Any CPU.Build.0 = Release|Any CPU
		{C432703D-3777-45AE-AA14-1B6AA00B72FB}.Debug|Any CPU.ActiveCfg = Debug|Any CPU
		{C432703D-3777-45AE-AA14-1B6AA00B72FB}.Debug|Any CPU.Build.0 = Debug|Any CPU
		{C432703D-3777-45AE-AA14-1B6AA00B72FB}.Release|Any CPU.ActiveCfg = Release|Any CPU
		{C432703D-3777-45AE-AA14-1B6AA00B72FB}.Release|Any CPU.Build.0 = Release|Any CPU
	EndGlobalSection
	GlobalSection(SolutionProperties) = preSolution
		HideSolutionNode = FALSE
	EndGlobalSection
	GlobalSection(NestedProjects) = preSolution
		{37297DAC-7037-40C6-B067-E1071C199426} = {8E09B4AC-BE64-4C49-AA08-0D00EE431C86}
		{15D8970B-DA29-4EB7-93C3-CE773EC2B3FD} = {8E09B4AC-BE64-4C49-AA08-0D00EE431C86}
		{F5FA21AC-26BB-496C-B728-CBC9B878F00B} = {8E09B4AC-BE64-4C49-AA08-0D00EE431C86}
		{CBB46244-243B-4030-8897-003DB8731E1A} = {8E09B4AC-BE64-4C49-AA08-0D00EE431C86}
		{25BF6C5C-571E-4C4F-8DB1-3B0409BC44CB} = {8E09B4AC-BE64-4C49-AA08-0D00EE431C86}
	EndGlobalSection
	GlobalSection(ExtensibilityGlobals) = postSolution
		SolutionGuid = {96F89EC4-0B8C-468C-8371-C5008A4EA809}
	EndGlobalSection
EndGlobal
